// !$*UTF8*$!
{
	archiveVersion = 1;
	classes = {
	};
	objectVersion = 46;
	objects = {

/* Begin PBXBuildFile section */
		EA20CC251348FA0600D80F67 /* libBox2D.dylib in Frameworks */ = {isa = PBXBuildFile; fileRef = EA20CC241348FA0600D80F67 /* libBox2D.dylib */; };
		EAF1753A13481E5800448E21 /* main.cpp in Sources */ = {isa = PBXBuildFile; fileRef = EAF1753913481E5800448E21 /* main.cpp */; };
		EAF175571348337900448E21 /* libusb-1.0.dylib in Frameworks */ = {isa = PBXBuildFile; fileRef = EAF175561348337900448E21 /* libusb-1.0.dylib */; };
		EAF17559134833BD00448E21 /* libfreenect_sync.dylib in Frameworks */ = {isa = PBXBuildFile; fileRef = EAF17558134833BD00448E21 /* libfreenect_sync.dylib */; };
		EAF1756A1348388900448E21 /* libopencv_calib3d.dylib in Frameworks */ = {isa = PBXBuildFile; fileRef = EAF1755E1348388900448E21 /* libopencv_calib3d.dylib */; };
		EAF1756B1348388900448E21 /* libopencv_contrib.dylib in Frameworks */ = {isa = PBXBuildFile; fileRef = EAF1755F1348388900448E21 /* libopencv_contrib.dylib */; };
		EAF1756C1348388900448E21 /* libopencv_core.dylib in Frameworks */ = {isa = PBXBuildFile; fileRef = EAF175601348388900448E21 /* libopencv_core.dylib */; };
		EAF1756D1348388900448E21 /* libopencv_features2d.dylib in Frameworks */ = {isa = PBXBuildFile; fileRef = EAF175611348388900448E21 /* libopencv_features2d.dylib */; };
		EAF1756E1348388900448E21 /* libopencv_flann.dylib in Frameworks */ = {isa = PBXBuildFile; fileRef = EAF175621348388900448E21 /* libopencv_flann.dylib */; };
		EAF1756F1348388900448E21 /* libopencv_gpu.dylib in Frameworks */ = {isa = PBXBuildFile; fileRef = EAF175631348388900448E21 /* libopencv_gpu.dylib */; };
		EAF175701348388900448E21 /* libopencv_highgui.dylib in Frameworks */ = {isa = PBXBuildFile; fileRef = EAF175641348388900448E21 /* libopencv_highgui.dylib */; };
		EAF175711348388900448E21 /* libopencv_imgproc.dylib in Frameworks */ = {isa = PBXBuildFile; fileRef = EAF175651348388900448E21 /* libopencv_imgproc.dylib */; };
		EAF175721348388900448E21 /* libopencv_legacy.dylib in Frameworks */ = {isa = PBXBuildFile; fileRef = EAF175661348388900448E21 /* libopencv_legacy.dylib */; };
		EAF175731348388900448E21 /* libopencv_ml.dylib in Frameworks */ = {isa = PBXBuildFile; fileRef = EAF175671348388900448E21 /* libopencv_ml.dylib */; };
		EAF175741348388900448E21 /* libopencv_objdetect.dylib in Frameworks */ = {isa = PBXBuildFile; fileRef = EAF175681348388900448E21 /* libopencv_objdetect.dylib */; };
		EAF175751348388900448E21 /* libopencv_video.dylib in Frameworks */ = {isa = PBXBuildFile; fileRef = EAF175691348388900448E21 /* libopencv_video.dylib */; };
/* End PBXBuildFile section */

/* Begin PBXCopyFilesBuildPhase section */
		EAF1753313481E5800448E21 /* CopyFiles */ = {
			isa = PBXCopyFilesBuildPhase;
			buildActionMask = 2147483647;
			dstPath = /usr/share/man/man1/;
			dstSubfolderSpec = 0;
			files = (
			);
			runOnlyForDeploymentPostprocessing = 1;
		};
/* End PBXCopyFilesBuildPhase section */

/* Begin PBXFileReference section */
		EA20CC241348FA0600D80F67 /* libBox2D.dylib */ = {isa = PBXFileReference; lastKnownFileType = "compiled.mach-o.dylib"; name = libBox2D.dylib; path = usr/local/lib/libBox2D.dylib; sourceTree = SDKROOT; };
		EAC81CB9134C95F9007527E5 /* haarcascade_frontalface_default.xml */ = {isa = PBXFileReference; fileEncoding = 4; lastKnownFileType = text.xml; path = haarcascade_frontalface_default.xml; sourceTree = "<group>"; };
		EAF1753513481E5800448E21 /* gesture_overflow */ = {isa = PBXFileReference; explicitFileType = "compiled.mach-o.executable"; includeInIndex = 0; path = gesture_overflow; sourceTree = BUILT_PRODUCTS_DIR; };
		EAF1753913481E5800448E21 /* main.cpp */ = {isa = PBXFileReference; lastKnownFileType = sourcecode.cpp.cpp; path = main.cpp; sourceTree = "<group>"; };
		EAF1753B13481E5800448E21 /* gesture_overflow.1 */ = {isa = PBXFileReference; lastKnownFileType = text.man; path = gesture_overflow.1; sourceTree = "<group>"; };
		EAF175561348337900448E21 /* libusb-1.0.dylib */ = {isa = PBXFileReference; lastKnownFileType = "compiled.mach-o.dylib"; name = "libusb-1.0.dylib"; path = "usr/local/lib/libusb-1.0.dylib"; sourceTree = SDKROOT; };
		EAF17558134833BD00448E21 /* libfreenect_sync.dylib */ = {isa = PBXFileReference; lastKnownFileType = "compiled.mach-o.dylib"; name = libfreenect_sync.dylib; path = usr/local/lib/libfreenect_sync.dylib; sourceTree = SDKROOT; };
		EAF1755E1348388900448E21 /* libopencv_calib3d.dylib */ = {isa = PBXFileReference; lastKnownFileType = "compiled.mach-o.dylib"; name = libopencv_calib3d.dylib; path = usr/local/lib/libopencv_calib3d.dylib; sourceTree = SDKROOT; };
		EAF1755F1348388900448E21 /* libopencv_contrib.dylib */ = {isa = PBXFileReference; lastKnownFileType = "compiled.mach-o.dylib"; name = libopencv_contrib.dylib; path = usr/local/lib/libopencv_contrib.dylib; sourceTree = SDKROOT; };
		EAF175601348388900448E21 /* libopencv_core.dylib */ = {isa = PBXFileReference; lastKnownFileType = "compiled.mach-o.dylib"; name = libopencv_core.dylib; path = usr/local/lib/libopencv_core.dylib; sourceTree = SDKROOT; };
		EAF175611348388900448E21 /* libopencv_features2d.dylib */ = {isa = PBXFileReference; lastKnownFileType = "compiled.mach-o.dylib"; name = libopencv_features2d.dylib; path = usr/local/lib/libopencv_features2d.dylib; sourceTree = SDKROOT; };
		EAF175621348388900448E21 /* libopencv_flann.dylib */ = {isa = PBXFileReference; lastKnownFileType = "compiled.mach-o.dylib"; name = libopencv_flann.dylib; path = usr/local/lib/libopencv_flann.dylib; sourceTree = SDKROOT; };
		EAF175631348388900448E21 /* libopencv_gpu.dylib */ = {isa = PBXFileReference; lastKnownFileType = "compiled.mach-o.dylib"; name = libopencv_gpu.dylib; path = usr/local/lib/libopencv_gpu.dylib; sourceTree = SDKROOT; };
		EAF175641348388900448E21 /* libopencv_highgui.dylib */ = {isa = PBXFileReference; lastKnownFileType = "compiled.mach-o.dylib"; name = libopencv_highgui.dylib; path = usr/local/lib/libopencv_highgui.dylib; sourceTree = SDKROOT; };
		EAF175651348388900448E21 /* libopencv_imgproc.dylib */ = {isa = PBXFileReference; lastKnownFileType = "compiled.mach-o.dylib"; name = libopencv_imgproc.dylib; path = usr/local/lib/libopencv_imgproc.dylib; sourceTree = SDKROOT; };
		EAF175661348388900448E21 /* libopencv_legacy.dylib */ = {isa = PBXFileReference; lastKnownFileType = "compiled.mach-o.dylib"; name = libopencv_legacy.dylib; path = usr/local/lib/libopencv_legacy.dylib; sourceTree = SDKROOT; };
		EAF175671348388900448E21 /* libopencv_ml.dylib */ = {isa = PBXFileReference; lastKnownFileType = "compiled.mach-o.dylib"; name = libopencv_ml.dylib; path = usr/local/lib/libopencv_ml.dylib; sourceTree = SDKROOT; };
		EAF175681348388900448E21 /* libopencv_objdetect.dylib */ = {isa = PBXFileReference; lastKnownFileType = "compiled.mach-o.dylib"; name = libopencv_objdetect.dylib; path = usr/local/lib/libopencv_objdetect.dylib; sourceTree = SDKROOT; };
		EAF175691348388900448E21 /* libopencv_video.dylib */ = {isa = PBXFileReference; lastKnownFileType = "compiled.mach-o.dylib"; name = libopencv_video.dylib; path = usr/local/lib/libopencv_video.dylib; sourceTree = SDKROOT; };
/* End PBXFileReference section */

/* Begin PBXFrameworksBuildPhase section */
		EAF1753213481E5800448E21 /* Frameworks */ = {
			isa = PBXFrameworksBuildPhase;
			buildActionMask = 2147483647;
			files = (
				EA20CC251348FA0600D80F67 /* libBox2D.dylib in Frameworks */,
				EAF1756A1348388900448E21 /* libopencv_calib3d.dylib in Frameworks */,
				EAF1756B1348388900448E21 /* libopencv_contrib.dylib in Frameworks */,
				EAF1756C1348388900448E21 /* libopencv_core.dylib in Frameworks */,
				EAF1756D1348388900448E21 /* libopencv_features2d.dylib in Frameworks */,
				EAF1756E1348388900448E21 /* libopencv_flann.dylib in Frameworks */,
				EAF1756F1348388900448E21 /* libopencv_gpu.dylib in Frameworks */,
				EAF175701348388900448E21 /* libopencv_highgui.dylib in Frameworks */,
				EAF175711348388900448E21 /* libopencv_imgproc.dylib in Frameworks */,
				EAF175721348388900448E21 /* libopencv_legacy.dylib in Frameworks */,
				EAF175731348388900448E21 /* libopencv_ml.dylib in Frameworks */,
				EAF175741348388900448E21 /* libopencv_objdetect.dylib in Frameworks */,
				EAF175751348388900448E21 /* libopencv_video.dylib in Frameworks */,
				EAF17559134833BD00448E21 /* libfreenect_sync.dylib in Frameworks */,
				EAF175571348337900448E21 /* libusb-1.0.dylib in Frameworks */,
			);
			runOnlyForDeploymentPostprocessing = 0;
		};
/* End PBXFrameworksBuildPhase section */

/* Begin PBXGroup section */
		EAC81CBB134C9600007527E5 /* Cascades */ = {
			isa = PBXGroup;
			children = (
				EAC81CB9134C95F9007527E5 /* haarcascade_frontalface_default.xml */,
			);
			name = Cascades;
			sourceTree = "<group>";
		};
		EAF1752A13481E5800448E21 = {
			isa = PBXGroup;
			children = (
				EAC81CBB134C9600007527E5 /* Cascades */,
				EAF1755313482D0300448E21 /* Frameworks */,
				EAF1753813481E5800448E21 /* Gesture Overflow */,
				EAF1753613481E5800448E21 /* Products */,
			);
			sourceTree = "<group>";
		};
		EAF1753613481E5800448E21 /* Products */ = {
			isa = PBXGroup;
			children = (
				EAF1753513481E5800448E21 /* gesture_overflow */,
			);
			name = Products;
			sourceTree = "<group>";
		};
		EAF1753813481E5800448E21 /* Gesture Overflow */ = {
			isa = PBXGroup;
			children = (
				EAF1753913481E5800448E21 /* main.cpp */,
				EAF1753B13481E5800448E21 /* gesture_overflow.1 */,
			);
			name = "Gesture Overflow";
			path = gesture_overflow;
			sourceTree = "<group>";
		};
		EAF1755313482D0300448E21 /* Frameworks */ = {
			isa = PBXGroup;
			children = (
				EA20CC241348FA0600D80F67 /* libBox2D.dylib */,
				EAF1755E1348388900448E21 /* libopencv_calib3d.dylib */,
				EAF1755F1348388900448E21 /* libopencv_contrib.dylib */,
				EAF175601348388900448E21 /* libopencv_core.dylib */,
				EAF175611348388900448E21 /* libopencv_features2d.dylib */,
				EAF175621348388900448E21 /* libopencv_flann.dylib */,
				EAF175631348388900448E21 /* libopencv_gpu.dylib */,
				EAF175641348388900448E21 /* libopencv_highgui.dylib */,
				EAF175651348388900448E21 /* libopencv_imgproc.dylib */,
				EAF175661348388900448E21 /* libopencv_legacy.dylib */,
				EAF175671348388900448E21 /* libopencv_ml.dylib */,
				EAF175681348388900448E21 /* libopencv_objdetect.dylib */,
				EAF175691348388900448E21 /* libopencv_video.dylib */,
				EAF17558134833BD00448E21 /* libfreenect_sync.dylib */,
				EAF175561348337900448E21 /* libusb-1.0.dylib */,
			);
			name = Frameworks;
			sourceTree = "<group>";
		};
/* End PBXGroup section */

/* Begin PBXNativeTarget section */
		EAF1753413481E5800448E21 /* gesture_overflow */ = {
			isa = PBXNativeTarget;
			buildConfigurationList = EAF1753E13481E5800448E21 /* Build configuration list for PBXNativeTarget "gesture_overflow" */;
			buildPhases = (
				EAF1753113481E5800448E21 /* Sources */,
				EAF1753213481E5800448E21 /* Frameworks */,
				EAF1753313481E5800448E21 /* CopyFiles */,
			);
			buildRules = (
			);
			dependencies = (
			);
			name = gesture_overflow;
			productName = gesture_overflow;
			productReference = EAF1753513481E5800448E21 /* gesture_overflow */;
			productType = "com.apple.product-type.tool";
		};
/* End PBXNativeTarget section */

/* Begin PBXProject section */
		EAF1752C13481E5800448E21 /* Project object */ = {
			isa = PBXProject;
			attributes = {
				ORGANIZATIONNAME = "Carnegie Mellon University";
			};
			buildConfigurationList = EAF1752F13481E5800448E21 /* Build configuration list for PBXProject "gesture_overflow" */;
			compatibilityVersion = "Xcode 3.2";
			developmentRegion = English;
			hasScannedForEncodings = 0;
			knownRegions = (
				en,
			);
			mainGroup = EAF1752A13481E5800448E21;
			productRefGroup = EAF1753613481E5800448E21 /* Products */;
			projectDirPath = "";
			projectRoot = "";
			targets = (
				EAF1753413481E5800448E21 /* gesture_overflow */,
			);
		};
/* End PBXProject section */

/* Begin PBXSourcesBuildPhase section */
		EAF1753113481E5800448E21 /* Sources */ = {
			isa = PBXSourcesBuildPhase;
			buildActionMask = 2147483647;
			files = (
				EAF1753A13481E5800448E21 /* main.cpp in Sources */,
			);
			runOnlyForDeploymentPostprocessing = 0;
		};
/* End PBXSourcesBuildPhase section */

/* Begin XCBuildConfiguration section */
		EAF1753C13481E5800448E21 /* Debug */ = {
			isa = XCBuildConfiguration;
			buildSettings = {
				ADDITIONAL_SDKS = "";
				ARCHS = "$(ARCHS_STANDARD_32_64_BIT)";
				FRAMEWORK_SEARCH_PATHS = "";
				GCC_C_LANGUAGE_STANDARD = gnu99;
				GCC_OPTIMIZATION_LEVEL = 0;
				GCC_PREPROCESSOR_DEFINITIONS = DEBUG;
				GCC_SYMBOLS_PRIVATE_EXTERN = NO;
				GCC_VERSION = com.apple.compilers.llvm.clang.1_0;
				GCC_WARN_64_TO_32_BIT_CONVERSION = YES;
				GCC_WARN_ABOUT_RETURN_TYPE = YES;
				GCC_WARN_UNUSED_VARIABLE = YES;
				HEADER_SEARCH_PATHS = (
					"/usr/local/Cellar/opencv/2.2/include/**",
					"/usr/local/Cellar/libfreenect/master/include/**",
					"/usr/local/Cellar/libusb-freenect/7da756e09fd97efad2b3/include/**",
					"/usr/local/Cellar/box2d/2.1.2/include/**",
				);
				LIBRARY_SEARCH_PATHS = "";
				MACOSX_DEPLOYMENT_TARGET = 10.6;
				ONLY_ACTIVE_ARCH = YES;
				PRELINK_LIBS = "";
				SDKROOT = macosx;
			};
			name = Debug;
		};
		EAF1753D13481E5800448E21 /* Release */ = {
			isa = XCBuildConfiguration;
			buildSettings = {
				ADDITIONAL_SDKS = "";
				ARCHS = "$(ARCHS_STANDARD_32_64_BIT)";
				FRAMEWORK_SEARCH_PATHS = "";
				GCC_C_LANGUAGE_STANDARD = gnu99;
				GCC_VERSION = com.apple.compilers.llvm.clang.1_0;
				GCC_WARN_64_TO_32_BIT_CONVERSION = YES;
				GCC_WARN_ABOUT_RETURN_TYPE = YES;
				GCC_WARN_UNUSED_VARIABLE = YES;
				HEADER_SEARCH_PATHS = (
					"/usr/local/Cellar/opencv/2.2/include/**",
					"/usr/local/Cellar/libfreenect/master/include/**",
					"/usr/local/Cellar/libusb-freenect/7da756e09fd97efad2b3/include/**",
					"/usr/local/Cellar/box2d/2.1.2/include/**",
				);
				LIBRARY_SEARCH_PATHS = "";
				MACOSX_DEPLOYMENT_TARGET = 10.6;
				PRELINK_LIBS = "";
				SDKROOT = macosx;
			};
			name = Release;
		};
		EAF1753F13481E5800448E21 /* Debug */ = {
			isa = XCBuildConfiguration;
			buildSettings = {
				ALWAYS_SEARCH_USER_PATHS = NO;
				COPY_PHASE_STRIP = NO;
				GCC_DYNAMIC_NO_PIC = NO;
				GCC_ENABLE_OBJC_EXCEPTIONS = YES;
				PRODUCT_NAME = "$(TARGET_NAME)";
			};
			name = Debug;
		};
		EAF1754013481E5800448E21 /* Release */ = {
			isa = XCBuildConfiguration;
			buildSettings = {
				ALWAYS_SEARCH_USER_PATHS = NO;
				COPY_PHASE_STRIP = YES;
				DEBUG_INFORMATION_FORMAT = "dwarf-with-dsym";
				GCC_ENABLE_OBJC_EXCEPTIONS = YES;
				PRODUCT_NAME = "$(TARGET_NAME)";
			};
			name = Release;
		};
/* End XCBuildConfiguration section */

/* Begin XCConfigurationList section */
		EAF1752F13481E5800448E21 /* Build configuration list for PBXProject "gesture_overflow" */ = {
			isa = XCConfigurationList;
			buildConfigurations = (
				EAF1753C13481E5800448E21 /* Debug */,
				EAF1753D13481E5800448E21 /* Release */,
			);
			defaultConfigurationIsVisible = 0;
			defaultConfigurationName = Release;
		};
		EAF1753E13481E5800448E21 /* Build configuration list for PBXNativeTarget "gesture_overflow" */ = {
			isa = XCConfigurationList;
			buildConfigurations = (
				EAF1753F13481E5800448E21 /* Debug */,
				EAF1754013481E5800448E21 /* Release */,
			);
			defaultConfigurationIsVisible = 0;
			defaultConfigurationName = Release;
		};
/* End XCConfigurationList section */
	};
	rootObject = EAF1752C13481E5800448E21 /* Project object */;
}
